
Microsoft Visual Studio Solution File, Format Version 12.00
# Visual Studio Version 16
VisualStudioVersion = 16.0.30413.136
MinimumVisualStudioVersion = 10.0.40219.1
Project("{888888A0-9F3D-457C-B088-3A5042F75D52}") = "practzadanija", "practzadanija.pyproj", "{94BFAED6-5CF4-4071-88B5-7081206BD90D}"
EndProject
Global
	GlobalSection(SolutionConfigurationPlatforms) = preSolution
		Debug|Any CPU = Debug|Any CPU
		Release|Any CPU = Release|Any CPU
	EndGlobalSection
	GlobalSection(ProjectConfigurationPlatforms) = postSolution
		{94BFAED6-5CF4-4071-88B5-7081206BD90D}.Debug|Any CPU.ActiveCfg = Debug|Any CPU
		{94BFAED6-5CF4-4071-88B5-7081206BD90D}.Release|Any CPU.ActiveCfg = Release|Any CPU
	EndGlobalSection
	GlobalSection(SolutionProperties) = preSolution
		HideSolutionNode = FALSE
	EndGlobalSection
	GlobalSection(ExtensibilityGlobals) = postSolution
		SolutionGuid = {B590EA65-B8D9-4339-9CCD-EA1D55FE7EAE}
	EndGlobalSection
EndGlobal
